
Microsoft Visual Studio Solution File, Format Version 12.00
# Visual Studio Version 16
VisualStudioVersion = 16.0.28917.182
MinimumVisualStudioVersion = 10.0.40219.1
Project("{FAE04EC0-301F-11D3-BF4B-00C04F79EFBC}") = "RspsDefinitionsApi", "RspsDefinitionsApi\RspsDefinitionsApi.csproj", "{81559F99-7AE5-48D6-B1BD-29D4C77442AB}"
EndProject
Global
	GlobalSection(SolutionConfigurationPlatforms) = preSolution
		Debug|Any CPU = Debug|Any CPU
		Release|Any CPU = Release|Any CPU
	EndGlobalSection
	GlobalSection(ProjectConfigurationPlatforms) = postSolution
		{81559F99-7AE5-48D6-B1BD-29D4C77442AB}.Debug|Any CPU.ActiveCfg = Debug|Any CPU
		{81559F99-7AE5-48D6-B1BD-29D4C77442AB}.Debug|Any CPU.Build.0 = Debug|Any CPU
		{81559F99-7AE5-48D6-B1BD-29D4C77442AB}.Release|Any CPU.ActiveCfg = Release|Any CPU
		{81559F99-7AE5-48D6-B1BD-29D4C77442AB}.Release|Any CPU.Build.0 = Release|Any CPU
	EndGlobalSection
	GlobalSection(SolutionProperties) = preSolution
		HideSolutionNode = FALSE
	EndGlobalSection
	GlobalSection(ExtensibilityGlobals) = postSolution
		SolutionGuid = {A1103F4E-A027-4638-938B-441E70B4AE1A}
	EndGlobalSection
EndGlobal
